// !$*UTF8*$!
{
	archiveVersion = 1;
	classes = {
	};
	objectVersion = 48;
	objects = {

/* Begin PBXBuildFile section */
		237A9AB620260F1E004E4E91 /* AddNoteViewController.swift in Sources */ = {isa = PBXBuildFile; fileRef = 237A9AB520260F1E004E4E91 /* AddNoteViewController.swift */; };
		237A9AB820261816004E4E91 /* NoteTableViewCell.swift in Sources */ = {isa = PBXBuildFile; fileRef = 237A9AB720261816004E4E91 /* NoteTableViewCell.swift */; };
		237D08B1200146F400DF8235 /* AppDelegate.swift in Sources */ = {isa = PBXBuildFile; fileRef = 237D08B0200146F400DF8235 /* AppDelegate.swift */; };
		237D08B3200146F400DF8235 /* ViewController.swift in Sources */ = {isa = PBXBuildFile; fileRef = 237D08B2200146F400DF8235 /* ViewController.swift */; };
		237D08B6200146F400DF8235 /* Main.storyboard in Resources */ = {isa = PBXBuildFile; fileRef = 237D08B4200146F400DF8235 /* Main.storyboard */; };
		237D08B8200146F400DF8235 /* Assets.xcassets in Resources */ = {isa = PBXBuildFile; fileRef = 237D08B7200146F400DF8235 /* Assets.xcassets */; };
		237D08BB200146F400DF8235 /* LaunchScreen.storyboard in Resources */ = {isa = PBXBuildFile; fileRef = 237D08B9200146F400DF8235 /* LaunchScreen.storyboard */; };
		237D08C6200146F400DF8235 /* NoteCheckTests.swift in Sources */ = {isa = PBXBuildFile; fileRef = 237D08C5200146F400DF8235 /* NoteCheckTests.swift */; };
		237D08D1200146F400DF8235 /* NoteCheckUITests.swift in Sources */ = {isa = PBXBuildFile; fileRef = 237D08D0200146F400DF8235 /* NoteCheckUITests.swift */; };
		237D08E0200147CA00DF8235 /* CheckNoteModel.swift in Sources */ = {isa = PBXBuildFile; fileRef = 237D08DF200147CA00DF8235 /* CheckNoteModel.swift */; };
		237D08E32001498C00DF8235 /* NotesManager.swift in Sources */ = {isa = PBXBuildFile; fileRef = 237D08E22001498C00DF8235 /* NotesManager.swift */; };
		23A6690120385B4D000E1751 /* IntentHandler.swift in Sources */ = {isa = PBXBuildFile; fileRef = 23A6690020385B4D000E1751 /* IntentHandler.swift */; };
		23A6690520385B4D000E1751 /* NotesCheckSiriKit.appex in Embed App Extensions */ = {isa = PBXBuildFile; fileRef = 23A668FE20385B4C000E1751 /* NotesCheckSiriKit.appex */; settings = {ATTRIBUTES = (RemoveHeadersOnCopy, ); }; };
		23A6690C20386382000E1751 /* CheckNoteModel.swift in Sources */ = {isa = PBXBuildFile; fileRef = 237D08DF200147CA00DF8235 /* CheckNoteModel.swift */; };
		23A6690D20386385000E1751 /* NotesManager.swift in Sources */ = {isa = PBXBuildFile; fileRef = 237D08E22001498C00DF8235 /* NotesManager.swift */; };
		32AD0318C8F53F97B5B8B020 /* Pods_NotesCheckSiriKit.framework in Frameworks */ = {isa = PBXBuildFile; fileRef = 3366C18F25C325DE78B6EDAC /* Pods_NotesCheckSiriKit.framework */; };
		56E116F0AF796CE6BFC4B66B /* Pods_NoteCheckUITests.framework in Frameworks */ = {isa = PBXBuildFile; fileRef = 63B82AF8E439C504D69F4952 /* Pods_NoteCheckUITests.framework */; };
		BD17E331B5AD85E5004B54AA /* Pods_NoteCheckTests.framework in Frameworks */ = {isa = PBXBuildFile; fileRef = 108A159AAD7E3888BE271EB8 /* Pods_NoteCheckTests.framework */; };
		E2EC7314A330E1050EF6EB4D /* Pods_NoteCheck.framework in Frameworks */ = {isa = PBXBuildFile; fileRef = 5DBCB99A377D5AA162E1BF96 /* Pods_NoteCheck.framework */; };
/* End PBXBuildFile section */

/* Begin PBXContainerItemProxy section */
		237D08C2200146F400DF8235 /* PBXContainerItemProxy */ = {
			isa = PBXContainerItemProxy;
			containerPortal = 237D08A5200146F400DF8235 /* Project object */;
			proxyType = 1;
			remoteGlobalIDString = 237D08AC200146F400DF8235;
			remoteInfo = NoteCheck;
		};
		237D08CD200146F400DF8235 /* PBXContainerItemProxy */ = {
			isa = PBXContainerItemProxy;
			containerPortal = 237D08A5200146F400DF8235 /* Project object */;
			proxyType = 1;
			remoteGlobalIDString = 237D08AC200146F400DF8235;
			remoteInfo = NoteCheck;
		};
		23A6690320385B4D000E1751 /* PBXContainerItemProxy */ = {
			isa = PBXContainerItemProxy;
			containerPortal = 237D08A5200146F400DF8235 /* Project object */;
			proxyType = 1;
			remoteGlobalIDString = 23A668FD20385B4C000E1751;
			remoteInfo = NotesCheckSiriKit;
		};
/* End PBXContainerItemProxy section */

/* Begin PBXCopyFilesBuildPhase section */
		23A6690920385B4D000E1751 /* Embed App Extensions */ = {
			isa = PBXCopyFilesBuildPhase;
			buildActionMask = 2147483647;
			dstPath = "";
			dstSubfolderSpec = 13;
			files = (
				23A6690520385B4D000E1751 /* NotesCheckSiriKit.appex in Embed App Extensions */,
			);
			name = "Embed App Extensions";
			runOnlyForDeploymentPostprocessing = 0;
		};
/* End PBXCopyFilesBuildPhase section */

/* Begin PBXFileReference section */
		108A159AAD7E3888BE271EB8 /* Pods_NoteCheckTests.framework */ = {isa = PBXFileReference; explicitFileType = wrapper.framework; includeInIndex = 0; path = Pods_NoteCheckTests.framework; sourceTree = BUILT_PRODUCTS_DIR; };
		237A9AB520260F1E004E4E91 /* AddNoteViewController.swift */ = {isa = PBXFileReference; lastKnownFileType = sourcecode.swift; path = AddNoteViewController.swift; sourceTree = "<group>"; };
		237A9AB720261816004E4E91 /* NoteTableViewCell.swift */ = {isa = PBXFileReference; lastKnownFileType = sourcecode.swift; path = NoteTableViewCell.swift; sourceTree = "<group>"; };
		237D08AD200146F400DF8235 /* NoteCheck.app */ = {isa = PBXFileReference; explicitFileType = wrapper.application; includeInIndex = 0; path = NoteCheck.app; sourceTree = BUILT_PRODUCTS_DIR; };
		237D08B0200146F400DF8235 /* AppDelegate.swift */ = {isa = PBXFileReference; lastKnownFileType = sourcecode.swift; path = AppDelegate.swift; sourceTree = "<group>"; };
		237D08B2200146F400DF8235 /* ViewController.swift */ = {isa = PBXFileReference; lastKnownFileType = sourcecode.swift; path = ViewController.swift; sourceTree = "<group>"; };
		237D08B5200146F400DF8235 /* Base */ = {isa = PBXFileReference; lastKnownFileType = file.storyboard; name = Base; path = Base.lproj/Main.storyboard; sourceTree = "<group>"; };
		237D08B7200146F400DF8235 /* Assets.xcassets */ = {isa = PBXFileReference; lastKnownFileType = folder.assetcatalog; path = Assets.xcassets; sourceTree = "<group>"; };
		237D08BA200146F400DF8235 /* Base */ = {isa = PBXFileReference; lastKnownFileType = file.storyboard; name = Base; path = Base.lproj/LaunchScreen.storyboard; sourceTree = "<group>"; };
		237D08BC200146F400DF8235 /* Info.plist */ = {isa = PBXFileReference; lastKnownFileType = text.plist.xml; path = Info.plist; sourceTree = "<group>"; };
		237D08C1200146F400DF8235 /* NoteCheckTests.xctest */ = {isa = PBXFileReference; explicitFileType = wrapper.cfbundle; includeInIndex = 0; path = NoteCheckTests.xctest; sourceTree = BUILT_PRODUCTS_DIR; };
		237D08C5200146F400DF8235 /* NoteCheckTests.swift */ = {isa = PBXFileReference; lastKnownFileType = sourcecode.swift; path = NoteCheckTests.swift; sourceTree = "<group>"; };
		237D08C7200146F400DF8235 /* Info.plist */ = {isa = PBXFileReference; lastKnownFileType = text.plist.xml; path = Info.plist; sourceTree = "<group>"; };
		237D08CC200146F400DF8235 /* NoteCheckUITests.xctest */ = {isa = PBXFileReference; explicitFileType = wrapper.cfbundle; includeInIndex = 0; path = NoteCheckUITests.xctest; sourceTree = BUILT_PRODUCTS_DIR; };
		237D08D0200146F400DF8235 /* NoteCheckUITests.swift */ = {isa = PBXFileReference; lastKnownFileType = sourcecode.swift; path = NoteCheckUITests.swift; sourceTree = "<group>"; };
		237D08D2200146F400DF8235 /* Info.plist */ = {isa = PBXFileReference; lastKnownFileType = text.plist.xml; path = Info.plist; sourceTree = "<group>"; };
		237D08DF200147CA00DF8235 /* CheckNoteModel.swift */ = {isa = PBXFileReference; lastKnownFileType = sourcecode.swift; path = CheckNoteModel.swift; sourceTree = "<group>"; };
		237D08E22001498C00DF8235 /* NotesManager.swift */ = {isa = PBXFileReference; lastKnownFileType = sourcecode.swift; path = NotesManager.swift; sourceTree = "<group>"; };
		23A668FE20385B4C000E1751 /* NotesCheckSiriKit.appex */ = {isa = PBXFileReference; explicitFileType = "wrapper.app-extension"; includeInIndex = 0; path = NotesCheckSiriKit.appex; sourceTree = BUILT_PRODUCTS_DIR; };
		23A6690020385B4D000E1751 /* IntentHandler.swift */ = {isa = PBXFileReference; lastKnownFileType = sourcecode.swift; path = IntentHandler.swift; sourceTree = "<group>"; };
		23A6690220385B4D000E1751 /* Info.plist */ = {isa = PBXFileReference; lastKnownFileType = text.plist.xml; path = Info.plist; sourceTree = "<group>"; };
		3366C18F25C325DE78B6EDAC /* Pods_NotesCheckSiriKit.framework */ = {isa = PBXFileReference; explicitFileType = wrapper.framework; includeInIndex = 0; path = Pods_NotesCheckSiriKit.framework; sourceTree = BUILT_PRODUCTS_DIR; };
		4C1A49851AF97D8F96E71218 /* Pods-NotesCheckSiriKit.debug.xcconfig */ = {isa = PBXFileReference; includeInIndex = 1; lastKnownFileType = text.xcconfig; name = "Pods-NotesCheckSiriKit.debug.xcconfig"; path = "Pods/Target Support Files/Pods-NotesCheckSiriKit/Pods-NotesCheckSiriKit.debug.xcconfig"; sourceTree = "<group>"; };
		5AFC22836203B88112CF53B4 /* Pods-NoteCheckTests.release.xcconfig */ = {isa = PBXFileReference; includeInIndex = 1; lastKnownFileType = text.xcconfig; name = "Pods-NoteCheckTests.release.xcconfig"; path = "Pods/Target Support Files/Pods-NoteCheckTests/Pods-NoteCheckTests.release.xcconfig"; sourceTree = "<group>"; };
		5DBCB99A377D5AA162E1BF96 /* Pods_NoteCheck.framework */ = {isa = PBXFileReference; explicitFileType = wrapper.framework; includeInIndex = 0; path = Pods_NoteCheck.framework; sourceTree = BUILT_PRODUCTS_DIR; };
		63B82AF8E439C504D69F4952 /* Pods_NoteCheckUITests.framework */ = {isa = PBXFileReference; explicitFileType = wrapper.framework; includeInIndex = 0; path = Pods_NoteCheckUITests.framework; sourceTree = BUILT_PRODUCTS_DIR; };
		904D9C9ED119B26C526F4782 /* Pods-NoteCheckTests.debug.xcconfig */ = {isa = PBXFileReference; includeInIndex = 1; lastKnownFileType = text.xcconfig; name = "Pods-NoteCheckTests.debug.xcconfig"; path = "Pods/Target Support Files/Pods-NoteCheckTests/Pods-NoteCheckTests.debug.xcconfig"; sourceTree = "<group>"; };
		BE7A67AB58DEB718F641F029 /* Pods-NoteCheck.debug.xcconfig */ = {isa = PBXFileReference; includeInIndex = 1; lastKnownFileType = text.xcconfig; name = "Pods-NoteCheck.debug.xcconfig"; path = "Pods/Target Support Files/Pods-NoteCheck/Pods-NoteCheck.debug.xcconfig"; sourceTree = "<group>"; };
		C1B8C3F505D45E6D755A9E19 /* Pods-NoteCheckUITests.release.xcconfig */ = {isa = PBXFileReference; includeInIndex = 1; lastKnownFileType = text.xcconfig; name = "Pods-NoteCheckUITests.release.xcconfig"; path = "Pods/Target Support Files/Pods-NoteCheckUITests/Pods-NoteCheckUITests.release.xcconfig"; sourceTree = "<group>"; };
		C6BAFFBCA8E332B2C9689C8F /* Pods-NotesCheckSiriKit.release.xcconfig */ = {isa = PBXFileReference; includeInIndex = 1; lastKnownFileType = text.xcconfig; name = "Pods-NotesCheckSiriKit.release.xcconfig"; path = "Pods/Target Support Files/Pods-NotesCheckSiriKit/Pods-NotesCheckSiriKit.release.xcconfig"; sourceTree = "<group>"; };
		D57D119FC2C2B35AFB023EF3 /* Pods-NoteCheckUITests.debug.xcconfig */ = {isa = PBXFileReference; includeInIndex = 1; lastKnownFileType = text.xcconfig; name = "Pods-NoteCheckUITests.debug.xcconfig"; path = "Pods/Target Support Files/Pods-NoteCheckUITests/Pods-NoteCheckUITests.debug.xcconfig"; sourceTree = "<group>"; };
		EC20ED81CA6ED7F7494DA259 /* Pods-NoteCheck.release.xcconfig */ = {isa = PBXFileReference; includeInIndex = 1; lastKnownFileType = text.xcconfig; name = "Pods-NoteCheck.release.xcconfig"; path = "Pods/Target Support Files/Pods-NoteCheck/Pods-NoteCheck.release.xcconfig"; sourceTree = "<group>"; };
/* End PBXFileReference section */

/* Begin PBXFrameworksBuildPhase section */
		237D08AA200146F400DF8235 /* Frameworks */ = {
			isa = PBXFrameworksBuildPhase;
			buildActionMask = 2147483647;
			files = (
				E2EC7314A330E1050EF6EB4D /* Pods_NoteCheck.framework in Frameworks */,
			);
			runOnlyForDeploymentPostprocessing = 0;
		};
		237D08BE200146F400DF8235 /* Frameworks */ = {
			isa = PBXFrameworksBuildPhase;
			buildActionMask = 2147483647;
			files = (
				BD17E331B5AD85E5004B54AA /* Pods_NoteCheckTests.framework in Frameworks */,
			);
			runOnlyForDeploymentPostprocessing = 0;
		};
		237D08C9200146F400DF8235 /* Frameworks */ = {
			isa = PBXFrameworksBuildPhase;
			buildActionMask = 2147483647;
			files = (
				56E116F0AF796CE6BFC4B66B /* Pods_NoteCheckUITests.framework in Frameworks */,
			);
			runOnlyForDeploymentPostprocessing = 0;
		};
		23A668FB20385B4C000E1751 /* Frameworks */ = {
			isa = PBXFrameworksBuildPhase;
			buildActionMask = 2147483647;
			files = (
				32AD0318C8F53F97B5B8B020 /* Pods_NotesCheckSiriKit.framework in Frameworks */,
			);
			runOnlyForDeploymentPostprocessing = 0;
		};
/* End PBXFrameworksBuildPhase section */

/* Begin PBXGroup section */
		237D08A4200146F400DF8235 = {
			isa = PBXGroup;
			children = (
				237D08AF200146F400DF8235 /* NoteCheck */,
				23A668FF20385B4D000E1751 /* NotesCheckSiriKit */,
				237D08C4200146F400DF8235 /* NoteCheckTests */,
				237D08CF200146F400DF8235 /* NoteCheckUITests */,
				237D08AE200146F400DF8235 /* Products */,
				5D62D79B6D781F8A10DF371B /* Pods */,
				D3B4ACD8FC32A595CC628691 /* Frameworks */,
			);
			sourceTree = "<group>";
		};
		237D08AE200146F400DF8235 /* Products */ = {
			isa = PBXGroup;
			children = (
				237D08AD200146F400DF8235 /* NoteCheck.app */,
				237D08C1200146F400DF8235 /* NoteCheckTests.xctest */,
				237D08CC200146F400DF8235 /* NoteCheckUITests.xctest */,
				23A668FE20385B4C000E1751 /* NotesCheckSiriKit.appex */,
			);
			name = Products;
			sourceTree = "<group>";
		};
		237D08AF200146F400DF8235 /* NoteCheck */ = {
			isa = PBXGroup;
			children = (
				237D08E12001494800DF8235 /* Model */,
				237D08B2200146F400DF8235 /* ViewController.swift */,
				237A9AB520260F1E004E4E91 /* AddNoteViewController.swift */,
				237A9AB720261816004E4E91 /* NoteTableViewCell.swift */,
				237D08B4200146F400DF8235 /* Main.storyboard */,
				237D08DE2001478D00DF8235 /* supportFiles */,
				237D08BC200146F400DF8235 /* Info.plist */,
			);
			path = NoteCheck;
			sourceTree = "<group>";
		};
		237D08C4200146F400DF8235 /* NoteCheckTests */ = {
			isa = PBXGroup;
			children = (
				237D08C5200146F400DF8235 /* NoteCheckTests.swift */,
				237D08C7200146F400DF8235 /* Info.plist */,
			);
			path = NoteCheckTests;
			sourceTree = "<group>";
		};
		237D08CF200146F400DF8235 /* NoteCheckUITests */ = {
			isa = PBXGroup;
			children = (
				237D08D0200146F400DF8235 /* NoteCheckUITests.swift */,
				237D08D2200146F400DF8235 /* Info.plist */,
			);
			path = NoteCheckUITests;
			sourceTree = "<group>";
		};
		237D08DE2001478D00DF8235 /* supportFiles */ = {
			isa = PBXGroup;
			children = (
				237D08B0200146F400DF8235 /* AppDelegate.swift */,
				237D08B7200146F400DF8235 /* Assets.xcassets */,
				237D08B9200146F400DF8235 /* LaunchScreen.storyboard */,
			);
			path = supportFiles;
			sourceTree = "<group>";
		};
		237D08E12001494800DF8235 /* Model */ = {
			isa = PBXGroup;
			children = (
				237D08DF200147CA00DF8235 /* CheckNoteModel.swift */,
				237D08E22001498C00DF8235 /* NotesManager.swift */,
			);
			name = Model;
			sourceTree = "<group>";
		};
		23A668FF20385B4D000E1751 /* NotesCheckSiriKit */ = {
			isa = PBXGroup;
			children = (
				23A6690020385B4D000E1751 /* IntentHandler.swift */,
				23A6690220385B4D000E1751 /* Info.plist */,
			);
			path = NotesCheckSiriKit;
			sourceTree = "<group>";
		};
		5D62D79B6D781F8A10DF371B /* Pods */ = {
			isa = PBXGroup;
			children = (
				BE7A67AB58DEB718F641F029 /* Pods-NoteCheck.debug.xcconfig */,
				EC20ED81CA6ED7F7494DA259 /* Pods-NoteCheck.release.xcconfig */,
				904D9C9ED119B26C526F4782 /* Pods-NoteCheckTests.debug.xcconfig */,
				5AFC22836203B88112CF53B4 /* Pods-NoteCheckTests.release.xcconfig */,
				D57D119FC2C2B35AFB023EF3 /* Pods-NoteCheckUITests.debug.xcconfig */,
				C1B8C3F505D45E6D755A9E19 /* Pods-NoteCheckUITests.release.xcconfig */,
				4C1A49851AF97D8F96E71218 /* Pods-NotesCheckSiriKit.debug.xcconfig */,
				C6BAFFBCA8E332B2C9689C8F /* Pods-NotesCheckSiriKit.release.xcconfig */,
			);
			name = Pods;
			sourceTree = "<group>";
		};
		D3B4ACD8FC32A595CC628691 /* Frameworks */ = {
			isa = PBXGroup;
			children = (
				5DBCB99A377D5AA162E1BF96 /* Pods_NoteCheck.framework */,
				108A159AAD7E3888BE271EB8 /* Pods_NoteCheckTests.framework */,
				63B82AF8E439C504D69F4952 /* Pods_NoteCheckUITests.framework */,
				3366C18F25C325DE78B6EDAC /* Pods_NotesCheckSiriKit.framework */,
			);
			name = Frameworks;
			sourceTree = "<group>";
		};
/* End PBXGroup section */

/* Begin PBXNativeTarget section */
		237D08AC200146F400DF8235 /* NoteCheck */ = {
			isa = PBXNativeTarget;
			buildConfigurationList = 237D08D5200146F400DF8235 /* Build configuration list for PBXNativeTarget "NoteCheck" */;
			buildPhases = (
				6A266D60B8171037A5640730 /* [CP] Check Pods Manifest.lock */,
				237D08A9200146F400DF8235 /* Sources */,
				237D08AA200146F400DF8235 /* Frameworks */,
				237D08AB200146F400DF8235 /* Resources */,
				360ACD154E604B307A922EBA /* [CP] Embed Pods Frameworks */,
				23CBC13EC9D47228237F32CE /* [CP] Copy Pods Resources */,
				23A6690920385B4D000E1751 /* Embed App Extensions */,
			);
			buildRules = (
			);
			dependencies = (
				23A6690420385B4D000E1751 /* PBXTargetDependency */,
			);
			name = NoteCheck;
			productName = NoteCheck;
			productReference = 237D08AD200146F400DF8235 /* NoteCheck.app */;
			productType = "com.apple.product-type.application";
		};
		237D08C0200146F400DF8235 /* NoteCheckTests */ = {
			isa = PBXNativeTarget;
			buildConfigurationList = 237D08D8200146F400DF8235 /* Build configuration list for PBXNativeTarget "NoteCheckTests" */;
			buildPhases = (
				59E60983A80745A06061F2BC /* [CP] Check Pods Manifest.lock */,
				237D08BD200146F400DF8235 /* Sources */,
				237D08BE200146F400DF8235 /* Frameworks */,
				237D08BF200146F400DF8235 /* Resources */,
				B53650437E21D3A5EEBAD2A8 /* [CP] Embed Pods Frameworks */,
				84C85CA4B8EB60B4EF3688BF /* [CP] Copy Pods Resources */,
			);
			buildRules = (
			);
			dependencies = (
				237D08C3200146F400DF8235 /* PBXTargetDependency */,
			);
			name = NoteCheckTests;
			productName = NoteCheckTests;
			productReference = 237D08C1200146F400DF8235 /* NoteCheckTests.xctest */;
			productType = "com.apple.product-type.bundle.unit-test";
		};
		237D08CB200146F400DF8235 /* NoteCheckUITests */ = {
			isa = PBXNativeTarget;
			buildConfigurationList = 237D08DB200146F400DF8235 /* Build configuration list for PBXNativeTarget "NoteCheckUITests" */;
			buildPhases = (
				BDFC73802C99BAF3D024F82D /* [CP] Check Pods Manifest.lock */,
				237D08C8200146F400DF8235 /* Sources */,
				237D08C9200146F400DF8235 /* Frameworks */,
				237D08CA200146F400DF8235 /* Resources */,
				64A728DD5DFC5AC5BC84EEB2 /* [CP] Embed Pods Frameworks */,
				D5EA6192DA3838C49C7E7EFC /* [CP] Copy Pods Resources */,
			);
			buildRules = (
			);
			dependencies = (
				237D08CE200146F400DF8235 /* PBXTargetDependency */,
			);
			name = NoteCheckUITests;
			productName = NoteCheckUITests;
			productReference = 237D08CC200146F400DF8235 /* NoteCheckUITests.xctest */;
			productType = "com.apple.product-type.bundle.ui-testing";
		};
		23A668FD20385B4C000E1751 /* NotesCheckSiriKit */ = {
			isa = PBXNativeTarget;
			buildConfigurationList = 23A6690820385B4D000E1751 /* Build configuration list for PBXNativeTarget "NotesCheckSiriKit" */;
			buildPhases = (
				9E360222F5292C4F55153733 /* [CP] Check Pods Manifest.lock */,
				23A668FA20385B4C000E1751 /* Sources */,
				23A668FB20385B4C000E1751 /* Frameworks */,
				23A668FC20385B4C000E1751 /* Resources */,
				D44420F6ABB88E2D03059516 /* [CP] Copy Pods Resources */,
			);
			buildRules = (
			);
			dependencies = (
			);
			name = NotesCheckSiriKit;
			productName = NotesCheckSiriKit;
			productReference = 23A668FE20385B4C000E1751 /* NotesCheckSiriKit.appex */;
			productType = "com.apple.product-type.app-extension";
		};
/* End PBXNativeTarget section */

/* Begin PBXProject section */
		237D08A5200146F400DF8235 /* Project object */ = {
			isa = PBXProject;
			attributes = {
				LastSwiftUpdateCheck = 0920;
				LastUpgradeCheck = 0920;
				ORGANIZATIONNAME = "assaf yehudai";
				TargetAttributes = {
					237D08AC200146F400DF8235 = {
						CreatedOnToolsVersion = 9.2;
						ProvisioningStyle = Automatic;
					};
					237D08C0200146F400DF8235 = {
						CreatedOnToolsVersion = 9.2;
						ProvisioningStyle = Automatic;
						TestTargetID = 237D08AC200146F400DF8235;
					};
					237D08CB200146F400DF8235 = {
						CreatedOnToolsVersion = 9.2;
						ProvisioningStyle = Automatic;
						TestTargetID = 237D08AC200146F400DF8235;
					};
					23A668FD20385B4C000E1751 = {
						CreatedOnToolsVersion = 9.2;
						ProvisioningStyle = Automatic;
					};
				};
			};
			buildConfigurationList = 237D08A8200146F400DF8235 /* Build configuration list for PBXProject "NoteCheck" */;
			compatibilityVersion = "Xcode 8.0";
			developmentRegion = en;
			hasScannedForEncodings = 0;
			knownRegions = (
				en,
				Base,
			);
			mainGroup = 237D08A4200146F400DF8235;
			productRefGroup = 237D08AE200146F400DF8235 /* Products */;
			projectDirPath = "";
			projectRoot = "";
			targets = (
				237D08AC200146F400DF8235 /* NoteCheck */,
				237D08C0200146F400DF8235 /* NoteCheckTests */,
				237D08CB200146F400DF8235 /* NoteCheckUITests */,
				23A668FD20385B4C000E1751 /* NotesCheckSiriKit */,
			);
		};
/* End PBXProject section */

/* Begin PBXResourcesBuildPhase section */
		237D08AB200146F400DF8235 /* Resources */ = {
			isa = PBXResourcesBuildPhase;
			buildActionMask = 2147483647;
			files = (
				237D08BB200146F400DF8235 /* LaunchScreen.storyboard in Resources */,
				237D08B8200146F400DF8235 /* Assets.xcassets in Resources */,
				237D08B6200146F400DF8235 /* Main.storyboard in Resources */,
			);
			runOnlyForDeploymentPostprocessing = 0;
		};
		237D08BF200146F400DF8235 /* Resources */ = {
			isa = PBXResourcesBuildPhase;
			buildActionMask = 2147483647;
			files = (
			);
			runOnlyForDeploymentPostprocessing = 0;
		};
		237D08CA200146F400DF8235 /* Resources */ = {
			isa = PBXResourcesBuildPhase;
			buildActionMask = 2147483647;
			files = (
			);
			runOnlyForDeploymentPostprocessing = 0;
		};
		23A668FC20385B4C000E1751 /* Resources */ = {
			isa = PBXResourcesBuildPhase;
			buildActionMask = 2147483647;
			files = (
			);
			runOnlyForDeploymentPostprocessing = 0;
		};
/* End PBXResourcesBuildPhase section */

/* Begin PBXShellScriptBuildPhase section */
		23CBC13EC9D47228237F32CE /* [CP] Copy Pods Resources */ = {
			isa = PBXShellScriptBuildPhase;
			buildActionMask = 2147483647;
			files = (
			);
			inputPaths = (
			);
			name = "[CP] Copy Pods Resources";
			outputPaths = (
			);
			runOnlyForDeploymentPostprocessing = 0;
			shellPath = /bin/sh;
			shellScript = "\"${SRCROOT}/Pods/Target Support Files/Pods-NoteCheck/Pods-NoteCheck-resources.sh\"\n";
			showEnvVarsInLog = 0;
		};
		360ACD154E604B307A922EBA /* [CP] Embed Pods Frameworks */ = {
			isa = PBXShellScriptBuildPhase;
			buildActionMask = 2147483647;
			files = (
			);
			inputPaths = (
				"${SRCROOT}/Pods/Target Support Files/Pods-NoteCheck/Pods-NoteCheck-frameworks.sh",
				"${BUILT_PRODUCTS_DIR}/Realm/Realm.framework",
				"${BUILT_PRODUCTS_DIR}/RealmSwift/RealmSwift.framework",
			);
			name = "[CP] Embed Pods Frameworks";
			outputPaths = (
				"${TARGET_BUILD_DIR}/${FRAMEWORKS_FOLDER_PATH}/Realm.framework",
				"${TARGET_BUILD_DIR}/${FRAMEWORKS_FOLDER_PATH}/RealmSwift.framework",
			);
			runOnlyForDeploymentPostprocessing = 0;
			shellPath = /bin/sh;
			shellScript = "\"${SRCROOT}/Pods/Target Support Files/Pods-NoteCheck/Pods-NoteCheck-frameworks.sh\"\n";
			showEnvVarsInLog = 0;
		};
		59E60983A80745A06061F2BC /* [CP] Check Pods Manifest.lock */ = {
			isa = PBXShellScriptBuildPhase;
			buildActionMask = 2147483647;
			files = (
			);
			inputPaths = (
				"${PODS_PODFILE_DIR_PATH}/Podfile.lock",
				"${PODS_ROOT}/Manifest.lock",
			);
			name = "[CP] Check Pods Manifest.lock";
			outputPaths = (
				"$(DERIVED_FILE_DIR)/Pods-NoteCheckTests-checkManifestLockResult.txt",
			);
			runOnlyForDeploymentPostprocessing = 0;
			shellPath = /bin/sh;
			shellScript = "diff \"${PODS_PODFILE_DIR_PATH}/Podfile.lock\" \"${PODS_ROOT}/Manifest.lock\" > /dev/null\nif [ $? != 0 ] ; then\n    # print error to STDERR\n    echo \"error: The sandbox is not in sync with the Podfile.lock. Run 'pod install' or update your CocoaPods installation.\" >&2\n    exit 1\nfi\n# This output is used by Xcode 'outputs' to avoid re-running this script phase.\necho \"SUCCESS\" > \"${SCRIPT_OUTPUT_FILE_0}\"\n";
			showEnvVarsInLog = 0;
		};
		64A728DD5DFC5AC5BC84EEB2 /* [CP] Embed Pods Frameworks */ = {
			isa = PBXShellScriptBuildPhase;
			buildActionMask = 2147483647;
			files = (
			);
			inputPaths = (
			);
			name = "[CP] Embed Pods Frameworks";
			outputPaths = (
			);
			runOnlyForDeploymentPostprocessing = 0;
			shellPath = /bin/sh;
			shellScript = "\"${SRCROOT}/Pods/Target Support Files/Pods-NoteCheckUITests/Pods-NoteCheckUITests-frameworks.sh\"\n";
			showEnvVarsInLog = 0;
		};
		6A266D60B8171037A5640730 /* [CP] Check Pods Manifest.lock */ = {
			isa = PBXShellScriptBuildPhase;
			buildActionMask = 2147483647;
			files = (
			);
			inputPaths = (
				"${PODS_PODFILE_DIR_PATH}/Podfile.lock",
				"${PODS_ROOT}/Manifest.lock",
			);
			name = "[CP] Check Pods Manifest.lock";
			outputPaths = (
				"$(DERIVED_FILE_DIR)/Pods-NoteCheck-checkManifestLockResult.txt",
			);
			runOnlyForDeploymentPostprocessing = 0;
			shellPath = /bin/sh;
			shellScript = "diff \"${PODS_PODFILE_DIR_PATH}/Podfile.lock\" \"${PODS_ROOT}/Manifest.lock\" > /dev/null\nif [ $? != 0 ] ; then\n    # print error to STDERR\n    echo \"error: The sandbox is not in sync with the Podfile.lock. Run 'pod install' or update your CocoaPods installation.\" >&2\n    exit 1\nfi\n# This output is used by Xcode 'outputs' to avoid re-running this script phase.\necho \"SUCCESS\" > \"${SCRIPT_OUTPUT_FILE_0}\"\n";
			showEnvVarsInLog = 0;
		};
		84C85CA4B8EB60B4EF3688BF /* [CP] Copy Pods Resources */ = {
			isa = PBXShellScriptBuildPhase;
			buildActionMask = 2147483647;
			files = (
			);
			inputPaths = (
			);
			name = "[CP] Copy Pods Resources";
			outputPaths = (
			);
			runOnlyForDeploymentPostprocessing = 0;
			shellPath = /bin/sh;
			shellScript = "\"${SRCROOT}/Pods/Target Support Files/Pods-NoteCheckTests/Pods-NoteCheckTests-resources.sh\"\n";
			showEnvVarsInLog = 0;
		};
		9E360222F5292C4F55153733 /* [CP] Check Pods Manifest.lock */ = {
			isa = PBXShellScriptBuildPhase;
			buildActionMask = 2147483647;
			files = (
			);
			inputPaths = (
				"${PODS_PODFILE_DIR_PATH}/Podfile.lock",
				"${PODS_ROOT}/Manifest.lock",
			);
			name = "[CP] Check Pods Manifest.lock";
			outputPaths = (
				"$(DERIVED_FILE_DIR)/Pods-NotesCheckSiriKit-checkManifestLockResult.txt",
			);
			runOnlyForDeploymentPostprocessing = 0;
			shellPath = /bin/sh;
			shellScript = "diff \"${PODS_PODFILE_DIR_PATH}/Podfile.lock\" \"${PODS_ROOT}/Manifest.lock\" > /dev/null\nif [ $? != 0 ] ; then\n    # print error to STDERR\n    echo \"error: The sandbox is not in sync with the Podfile.lock. Run 'pod install' or update your CocoaPods installation.\" >&2\n    exit 1\nfi\n# This output is used by Xcode 'outputs' to avoid re-running this script phase.\necho \"SUCCESS\" > \"${SCRIPT_OUTPUT_FILE_0}\"\n";
			showEnvVarsInLog = 0;
		};
		B53650437E21D3A5EEBAD2A8 /* [CP] Embed Pods Frameworks */ = {
			isa = PBXShellScriptBuildPhase;
			buildActionMask = 2147483647;
			files = (
			);
			inputPaths = (
			);
			name = "[CP] Embed Pods Frameworks";
			outputPaths = (
			);
			runOnlyForDeploymentPostprocessing = 0;
			shellPath = /bin/sh;
			shellScript = "\"${SRCROOT}/Pods/Target Support Files/Pods-NoteCheckTests/Pods-NoteCheckTests-frameworks.sh\"\n";
			showEnvVarsInLog = 0;
		};
		BDFC73802C99BAF3D024F82D /* [CP] Check Pods Manifest.lock */ = {
			isa = PBXShellScriptBuildPhase;
			buildActionMask = 2147483647;
			files = (
			);
			inputPaths = (
				"${PODS_PODFILE_DIR_PATH}/Podfile.lock",
				"${PODS_ROOT}/Manifest.lock",
			);
			name = "[CP] Check Pods Manifest.lock";
			outputPaths = (
				"$(DERIVED_FILE_DIR)/Pods-NoteCheckUITests-checkManifestLockResult.txt",
			);
			runOnlyForDeploymentPostprocessing = 0;
			shellPath = /bin/sh;
			shellScript = "diff \"${PODS_PODFILE_DIR_PATH}/Podfile.lock\" \"${PODS_ROOT}/Manifest.lock\" > /dev/null\nif [ $? != 0 ] ; then\n    # print error to STDERR\n    echo \"error: The sandbox is not in sync with the Podfile.lock. Run 'pod install' or update your CocoaPods installation.\" >&2\n    exit 1\nfi\n# This output is used by Xcode 'outputs' to avoid re-running this script phase.\necho \"SUCCESS\" > \"${SCRIPT_OUTPUT_FILE_0}\"\n";
			showEnvVarsInLog = 0;
		};
		D44420F6ABB88E2D03059516 /* [CP] Copy Pods Resources */ = {
			isa = PBXShellScriptBuildPhase;
			buildActionMask = 2147483647;
			files = (
			);
			inputPaths = (
			);
			name = "[CP] Copy Pods Resources";
			outputPaths = (
			);
			runOnlyForDeploymentPostprocessing = 0;
			shellPath = /bin/sh;
			shellScript = "\"${SRCROOT}/Pods/Target Support Files/Pods-NotesCheckSiriKit/Pods-NotesCheckSiriKit-resources.sh\"\n";
			showEnvVarsInLog = 0;
		};
		D5EA6192DA3838C49C7E7EFC /* [CP] Copy Pods Resources */ = {
			isa = PBXShellScriptBuildPhase;
			buildActionMask = 2147483647;
			files = (
			);
			inputPaths = (
			);
			name = "[CP] Copy Pods Resources";
			outputPaths = (
			);
			runOnlyForDeploymentPostprocessing = 0;
			shellPath = /bin/sh;
			shellScript = "\"${SRCROOT}/Pods/Target Support Files/Pods-NoteCheckUITests/Pods-NoteCheckUITests-resources.sh\"\n";
			showEnvVarsInLog = 0;
		};
/* End PBXShellScriptBuildPhase section */

/* Begin PBXSourcesBuildPhase section */
		237D08A9200146F400DF8235 /* Sources */ = {
			isa = PBXSourcesBuildPhase;
			buildActionMask = 2147483647;
			files = (
				237D08B3200146F400DF8235 /* ViewController.swift in Sources */,
				237D08E32001498C00DF8235 /* NotesManager.swift in Sources */,
				237D08B1200146F400DF8235 /* AppDelegate.swift in Sources */,
				237A9AB620260F1E004E4E91 /* AddNoteViewController.swift in Sources */,
				237D08E0200147CA00DF8235 /* CheckNoteModel.swift in Sources */,
				237A9AB820261816004E4E91 /* NoteTableViewCell.swift in Sources */,
			);
			runOnlyForDeploymentPostprocessing = 0;
		};
		237D08BD200146F400DF8235 /* Sources */ = {
			isa = PBXSourcesBuildPhase;
			buildActionMask = 2147483647;
			files = (
				237D08C6200146F400DF8235 /* NoteCheckTests.swift in Sources */,
			);
			runOnlyForDeploymentPostprocessing = 0;
		};
		237D08C8200146F400DF8235 /* Sources */ = {
			isa = PBXSourcesBuildPhase;
			buildActionMask = 2147483647;
			files = (
				237D08D1200146F400DF8235 /* NoteCheckUITests.swift in Sources */,
			);
			runOnlyForDeploymentPostprocessing = 0;
		};
		23A668FA20385B4C000E1751 /* Sources */ = {
			isa = PBXSourcesBuildPhase;
			buildActionMask = 2147483647;
			files = (
				23A6690C20386382000E1751 /* CheckNoteModel.swift in Sources */,
				23A6690D20386385000E1751 /* NotesManager.swift in Sources */,
				23A6690120385B4D000E1751 /* IntentHandler.swift in Sources */,
			);
			runOnlyForDeploymentPostprocessing = 0;
		};
/* End PBXSourcesBuildPhase section */

/* Begin PBXTargetDependency section */
		237D08C3200146F400DF8235 /* PBXTargetDependency */ = {
			isa = PBXTargetDependency;
			target = 237D08AC200146F400DF8235 /* NoteCheck */;
			targetProxy = 237D08C2200146F400DF8235 /* PBXContainerItemProxy */;
		};
		237D08CE200146F400DF8235 /* PBXTargetDependency */ = {
			isa = PBXTargetDependency;
			target = 237D08AC200146F400DF8235 /* NoteCheck */;
			targetProxy = 237D08CD200146F400DF8235 /* PBXContainerItemProxy */;
		};
		23A6690420385B4D000E1751 /* PBXTargetDependency */ = {
			isa = PBXTargetDependency;
			target = 23A668FD20385B4C000E1751 /* NotesCheckSiriKit */;
			targetProxy = 23A6690320385B4D000E1751 /* PBXContainerItemProxy */;
		};
/* End PBXTargetDependency section */

/* Begin PBXVariantGroup section */
		237D08B4200146F400DF8235 /* Main.storyboard */ = {
			isa = PBXVariantGroup;
			children = (
				237D08B5200146F400DF8235 /* Base */,
			);
			name = Main.storyboard;
			sourceTree = "<group>";
		};
		237D08B9200146F400DF8235 /* LaunchScreen.storyboard */ = {
			isa = PBXVariantGroup;
			children = (
				237D08BA200146F400DF8235 /* Base */,
			);
			name = LaunchScreen.storyboard;
			sourceTree = "<group>";
		};
/* End PBXVariantGroup section */

/* Begin XCBuildConfiguration section */
		237D08D3200146F400DF8235 /* Debug */ = {
			isa = XCBuildConfiguration;
			buildSettings = {
				ALWAYS_SEARCH_USER_PATHS = NO;
				CLANG_ANALYZER_NONNULL = YES;
				CLANG_ANALYZER_NUMBER_OBJECT_CONVERSION = YES_AGGRESSIVE;
				CLANG_CXX_LANGUAGE_STANDARD = "gnu++14";
				CLANG_CXX_LIBRARY = "libc++";
				CLANG_ENABLE_MODULES = YES;
				CLANG_ENABLE_OBJC_ARC = YES;
				CLANG_WARN_BLOCK_CAPTURE_AUTORELEASING = YES;
				CLANG_WARN_BOOL_CONVERSION = YES;
				CLANG_WARN_COMMA = YES;
				CLANG_WARN_CONSTANT_CONVERSION = YES;
				CLANG_WARN_DIRECT_OBJC_ISA_USAGE = YES_ERROR;
				CLANG_WARN_DOCUMENTATION_COMMENTS = YES;
				CLANG_WARN_EMPTY_BODY = YES;
				CLANG_WARN_ENUM_CONVERSION = YES;
				CLANG_WARN_INFINITE_RECURSION = YES;
				CLANG_WARN_INT_CONVERSION = YES;
				CLANG_WARN_NON_LITERAL_NULL_CONVERSION = YES;
				CLANG_WARN_OBJC_LITERAL_CONVERSION = YES;
				CLANG_WARN_OBJC_ROOT_CLASS = YES_ERROR;
				CLANG_WARN_RANGE_LOOP_ANALYSIS = YES;
				CLANG_WARN_STRICT_PROTOTYPES = YES;
				CLANG_WARN_SUSPICIOUS_MOVE = YES;
				CLANG_WARN_UNGUARDED_AVAILABILITY = YES_AGGRESSIVE;
				CLANG_WARN_UNREACHABLE_CODE = YES;
				CLANG_WARN__DUPLICATE_METHOD_MATCH = YES;
				CODE_SIGN_IDENTITY = "iPhone Developer";
				COPY_PHASE_STRIP = NO;
				DEBUG_INFORMATION_FORMAT = dwarf;
				ENABLE_STRICT_OBJC_MSGSEND = YES;
				ENABLE_TESTABILITY = YES;
				GCC_C_LANGUAGE_STANDARD = gnu11;
				GCC_DYNAMIC_NO_PIC = NO;
				GCC_NO_COMMON_BLOCKS = YES;
				GCC_OPTIMIZATION_LEVEL = 0;
				GCC_PREPROCESSOR_DEFINITIONS = (
					"DEBUG=1",
					"$(inherited)",
				);
				GCC_WARN_64_TO_32_BIT_CONVERSION = YES;
				GCC_WARN_ABOUT_RETURN_TYPE = YES_ERROR;
				GCC_WARN_UNDECLARED_SELECTOR = YES;
				GCC_WARN_UNINITIALIZED_AUTOS = YES_AGGRESSIVE;
				GCC_WARN_UNUSED_FUNCTION = YES;
				GCC_WARN_UNUSED_VARIABLE = YES;
				IPHONEOS_DEPLOYMENT_TARGET = 11.2;
				MTL_ENABLE_DEBUG_INFO = YES;
				ONLY_ACTIVE_ARCH = YES;
				SDKROOT = iphoneos;
				SWIFT_ACTIVE_COMPILATION_CONDITIONS = DEBUG;
				SWIFT_OPTIMIZATION_LEVEL = "-Onone";
			};
			name = Debug;
		};
		237D08D4200146F400DF8235 /* Release */ = {
			isa = XCBuildConfiguration;
			buildSettings = {
				ALWAYS_SEARCH_USER_PATHS = NO;
				CLANG_ANALYZER_NONNULL = YES;
				CLANG_ANALYZER_NUMBER_OBJECT_CONVERSION = YES_AGGRESSIVE;
				CLANG_CXX_LANGUAGE_STANDARD = "gnu++14";
				CLANG_CXX_LIBRARY = "libc++";
				CLANG_ENABLE_MODULES = YES;
				CLANG_ENABLE_OBJC_ARC = YES;
				CLANG_WARN_BLOCK_CAPTURE_AUTORELEASING = YES;
				CLANG_WARN_BOOL_CONVERSION = YES;
				CLANG_WARN_COMMA = YES;
				CLANG_WARN_CONSTANT_CONVERSION = YES;
				CLANG_WARN_DIRECT_OBJC_ISA_USAGE = YES_ERROR;
				CLANG_WARN_DOCUMENTATION_COMMENTS = YES;
				CLANG_WARN_EMPTY_BODY = YES;
				CLANG_WARN_ENUM_CONVERSION = YES;
				CLANG_WARN_INFINITE_RECURSION = YES;
				CLANG_WARN_INT_CONVERSION = YES;
				CLANG_WARN_NON_LITERAL_NULL_CONVERSION = YES;
				CLANG_WARN_OBJC_LITERAL_CONVERSION = YES;
				CLANG_WARN_OBJC_ROOT_CLASS = YES_ERROR;
				CLANG_WARN_RANGE_LOOP_ANALYSIS = YES;
				CLANG_WARN_STRICT_PROTOTYPES = YES;
				CLANG_WARN_SUSPICIOUS_MOVE = YES;
				CLANG_WARN_UNGUARDED_AVAILABILITY = YES_AGGRESSIVE;
				CLANG_WARN_UNREACHABLE_CODE = YES;
				CLANG_WARN__DUPLICATE_METHOD_MATCH = YES;
				CODE_SIGN_IDENTITY = "iPhone Developer";
				COPY_PHASE_STRIP = NO;
				DEBUG_INFORMATION_FORMAT = "dwarf-with-dsym";
				ENABLE_NS_ASSERTIONS = NO;
				ENABLE_STRICT_OBJC_MSGSEND = YES;
				GCC_C_LANGUAGE_STANDARD = gnu11;
				GCC_NO_COMMON_BLOCKS = YES;
				GCC_WARN_64_TO_32_BIT_CONVERSION = YES;
				GCC_WARN_ABOUT_RETURN_TYPE = YES_ERROR;
				GCC_WARN_UNDECLARED_SELECTOR = YES;
				GCC_WARN_UNINITIALIZED_AUTOS = YES_AGGRESSIVE;
				GCC_WARN_UNUSED_FUNCTION = YES;
				GCC_WARN_UNUSED_VARIABLE = YES;
				IPHONEOS_DEPLOYMENT_TARGET = 11.2;
				MTL_ENABLE_DEBUG_INFO = NO;
				SDKROOT = iphoneos;
				SWIFT_OPTIMIZATION_LEVEL = "-Owholemodule";
				VALIDATE_PRODUCT = YES;
			};
			name = Release;
		};
		237D08D6200146F400DF8235 /* Debug */ = {
			isa = XCBuildConfiguration;
			baseConfigurationReference = BE7A67AB58DEB718F641F029 /* Pods-NoteCheck.debug.xcconfig */;
			buildSettings = {
				ALWAYS_EMBED_SWIFT_STANDARD_LIBRARIES = YES;
				ASSETCATALOG_COMPILER_APPICON_NAME = AppIcon;
				CODE_SIGN_STYLE = Automatic;
				DEVELOPMENT_TEAM = X44DPG9938;
				INFOPLIST_FILE = NoteCheck/Info.plist;
				LD_RUNPATH_SEARCH_PATHS = "$(inherited) @executable_path/Frameworks";
				PRODUCT_BUNDLE_IDENTIFIER = Assaf.com.NoteCheck;
				PRODUCT_NAME = "$(TARGET_NAME)";
				SWIFT_VERSION = 4.0;
				TARGETED_DEVICE_FAMILY = "1,2";
			};
			name = Debug;
		};
		237D08D7200146F400DF8235 /* Release */ = {
			isa = XCBuildConfiguration;
			baseConfigurationReference = EC20ED81CA6ED7F7494DA259 /* Pods-NoteCheck.release.xcconfig */;
			buildSettings = {
				ALWAYS_EMBED_SWIFT_STANDARD_LIBRARIES = YES;
				ASSETCATALOG_COMPILER_APPICON_NAME = AppIcon;
				CODE_SIGN_STYLE = Automatic;
				DEVELOPMENT_TEAM = X44DPG9938;
				INFOPLIST_FILE = NoteCheck/Info.plist;
				LD_RUNPATH_SEARCH_PATHS = "$(inherited) @executable_path/Frameworks";
				PRODUCT_BUNDLE_IDENTIFIER = Assaf.com.NoteCheck;
				PRODUCT_NAME = "$(TARGET_NAME)";
				SWIFT_VERSION = 4.0;
				TARGETED_DEVICE_FAMILY = "1,2";
			};
			name = Release;
		};
		237D08D9200146F400DF8235 /* Debug */ = {
			isa = XCBuildConfiguration;
			baseConfigurationReference = 904D9C9ED119B26C526F4782 /* Pods-NoteCheckTests.debug.xcconfig */;
			buildSettings = {
				ALWAYS_EMBED_SWIFT_STANDARD_LIBRARIES = YES;
				BUNDLE_LOADER = "$(TEST_HOST)";
				CODE_SIGN_STYLE = Automatic;
				DEVELOPMENT_TEAM = TFQ6ZK54X6;
				INFOPLIST_FILE = NoteCheckTests/Info.plist;
				LD_RUNPATH_SEARCH_PATHS = "$(inherited) @executable_path/Frameworks @loader_path/Frameworks";
				PRODUCT_BUNDLE_IDENTIFIER = Assaf.com.NoteCheckTests;
				PRODUCT_NAME = "$(TARGET_NAME)";
				SWIFT_VERSION = 4.0;
				TARGETED_DEVICE_FAMILY = "1,2";
				TEST_HOST = "$(BUILT_PRODUCTS_DIR)/NoteCheck.app/NoteCheck";
			};
			name = Debug;
		};
		237D08DA200146F400DF8235 /* Release */ = {
			isa = XCBuildConfiguration;
			baseConfigurationReference = 5AFC22836203B88112CF53B4 /* Pods-NoteCheckTests.release.xcconfig */;
			buildSettings = {
				ALWAYS_EMBED_SWIFT_STANDARD_LIBRARIES = YES;
				BUNDLE_LOADER = "$(TEST_HOST)";
				CODE_SIGN_STYLE = Automatic;
				DEVELOPMENT_TEAM = TFQ6ZK54X6;
				INFOPLIST_FILE = NoteCheckTests/Info.plist;
				LD_RUNPATH_SEARCH_PATHS = "$(inherited) @executable_path/Frameworks @loader_path/Frameworks";
				PRODUCT_BUNDLE_IDENTIFIER = Assaf.com.NoteCheckTests;
				PRODUCT_NAME = "$(TARGET_NAME)";
				SWIFT_VERSION = 4.0;
				TARGETED_DEVICE_FAMILY = "1,2";
				TEST_HOST = "$(BUILT_PRODUCTS_DIR)/NoteCheck.app/NoteCheck";
			};
			name = Release;
		};
		237D08DC200146F400DF8235 /* Debug */ = {
			isa = XCBuildConfiguration;
			baseConfigurationReference = D57D119FC2C2B35AFB023EF3 /* Pods-NoteCheckUITests.debug.xcconfig */;
			buildSettings = {
				ALWAYS_EMBED_SWIFT_STANDARD_LIBRARIES = YES;
				CODE_SIGN_STYLE = Automatic;
				DEVELOPMENT_TEAM = TFQ6ZK54X6;
				INFOPLIST_FILE = NoteCheckUITests/Info.plist;
				LD_RUNPATH_SEARCH_PATHS = "$(inherited) @executable_path/Frameworks @loader_path/Frameworks";
				PRODUCT_BUNDLE_IDENTIFIER = Assaf.com.NoteCheckUITests;
				PRODUCT_NAME = "$(TARGET_NAME)";
				SWIFT_VERSION = 4.0;
				TARGETED_DEVICE_FAMILY = "1,2";
				TEST_TARGET_NAME = NoteCheck;
			};
			name = Debug;
		};
		237D08DD200146F400DF8235 /* Release */ = {
			isa = XCBuildConfiguration;
			baseConfigurationReference = C1B8C3F505D45E6D755A9E19 /* Pods-NoteCheckUITests.release.xcconfig */;
			buildSettings = {
				ALWAYS_EMBED_SWIFT_STANDARD_LIBRARIES = YES;
				CODE_SIGN_STYLE = Automatic;
				DEVELOPMENT_TEAM = TFQ6ZK54X6;
				INFOPLIST_FILE = NoteCheckUITests/Info.plist;
				LD_RUNPATH_SEARCH_PATHS = "$(inherited) @executable_path/Frameworks @loader_path/Frameworks";
				PRODUCT_BUNDLE_IDENTIFIER = Assaf.com.NoteCheckUITests;
				PRODUCT_NAME = "$(TARGET_NAME)";
				SWIFT_VERSION = 4.0;
				TARGETED_DEVICE_FAMILY = "1,2";
				TEST_TARGET_NAME = NoteCheck;
			};
			name = Release;
		};
		23A6690620385B4D000E1751 /* Debug */ = {
			isa = XCBuildConfiguration;
			baseConfigurationReference = 4C1A49851AF97D8F96E71218 /* Pods-NotesCheckSiriKit.debug.xcconfig */;
			buildSettings = {
				CODE_SIGN_STYLE = Automatic;
				DEVELOPMENT_TEAM = X44DPG9938;
				INFOPLIST_FILE = NotesCheckSiriKit/Info.plist;
				LD_RUNPATH_SEARCH_PATHS = "$(inherited) @executable_path/Frameworks @executable_path/../../Frameworks";
				PRODUCT_BUNDLE_IDENTIFIER = Assaf.com.NoteCheck.NotesCheckSiriKit;
				PRODUCT_NAME = "$(TARGET_NAME)";
				SKIP_INSTALL = YES;
				SWIFT_VERSION = 4.0;
				TARGETED_DEVICE_FAMILY = "1,2";
			};
			name = Debug;
		};
		23A6690720385B4D000E1751 /* Release */ = {
			isa = XCBuildConfiguration;
			baseConfigurationReference = C6BAFFBCA8E332B2C9689C8F /* Pods-NotesCheckSiriKit.release.xcconfig */;
			buildSettings = {
				CODE_SIGN_STYLE = Automatic;
				DEVELOPMENT_TEAM = X44DPG9938;
				INFOPLIST_FILE = NotesCheckSiriKit/Info.plist;
				LD_RUNPATH_SEARCH_PATHS = "$(inherited) @executable_path/Frameworks @executable_path/../../Frameworks";
				PRODUCT_BUNDLE_IDENTIFIER = Assaf.com.NoteCheck.NotesCheckSiriKit;
				PRODUCT_NAME = "$(TARGET_NAME)";
				SKIP_INSTALL = YES;
				SWIFT_VERSION = 4.0;
				TARGETED_DEVICE_FAMILY = "1,2";
			};
			name = Release;
		};
/* End XCBuildConfiguration section */

/* Begin XCConfigurationList section */
		237D08A8200146F400DF8235 /* Build configuration list for PBXProject "NoteCheck" */ = {
			isa = XCConfigurationList;
			buildConfigurations = (
				237D08D3200146F400DF8235 /* Debug */,
				237D08D4200146F400DF8235 /* Release */,
			);
			defaultConfigurationIsVisible = 0;
			defaultConfigurationName = Release;
		};
		237D08D5200146F400DF8235 /* Build configuration list for PBXNativeTarget "NoteCheck" */ = {
			isa = XCConfigurationList;
			buildConfigurations = (
				237D08D6200146F400DF8235 /* Debug */,
				237D08D7200146F400DF8235 /* Release */,
			);
			defaultConfigurationIsVisible = 0;
			defaultConfigurationName = Release;
		};
		237D08D8200146F400DF8235 /* Build configuration list for PBXNativeTarget "NoteCheckTests" */ = {
			isa = XCConfigurationList;
			buildConfigurations = (
				237D08D9200146F400DF8235 /* Debug */,
				237D08DA200146F400DF8235 /* Release */,
			);
			defaultConfigurationIsVisible = 0;
			defaultConfigurationName = Release;
		};
		237D08DB200146F400DF8235 /* Build configuration list for PBXNativeTarget "NoteCheckUITests" */ = {
			isa = XCConfigurationList;
			buildConfigurations = (
				237D08DC200146F400DF8235 /* Debug */,
				237D08DD200146F400DF8235 /* Release */,
			);
			defaultConfigurationIsVisible = 0;
			defaultConfigurationName = Release;
		};
		23A6690820385B4D000E1751 /* Build configuration list for PBXNativeTarget "NotesCheckSiriKit" */ = {
			isa = XCConfigurationList;
			buildConfigurations = (
				23A6690620385B4D000E1751 /* Debug */,
				23A6690720385B4D000E1751 /* Release */,
			);
			defaultConfigurationIsVisible = 0;
			defaultConfigurationName = Release;
		};
/* End XCConfigurationList section */
	};
	rootObject = 237D08A5200146F400DF8235 /* Project object */;
}
